
Microsoft Visual Studio Solution File, Format Version 12.00
# Visual Studio 15
VisualStudioVersion = 15.0.27428.2027
MinimumVisualStudioVersion = 10.0.40219.1
Project("{FAE04EC0-301F-11D3-BF4B-00C04F79EFBC}") = "Store.Entity", "ToDoList.Entity\Store.Entity.csproj", "{6134DB42-BB4C-415D-BDCB-B040B09D5B7A}"
EndProject
Project("{FAE04EC0-301F-11D3-BF4B-00C04F79EFBC}") = "Store.Data", "Store.Data\Store.Data.csproj", "{7944C8FE-C6E0-4D35-B8E8-122D55ABF577}"
EndProject
Project("{FAE04EC0-301F-11D3-BF4B-00C04F79EFBC}") = "Store.Web", "Store.Web\Store.Web.csproj", "{BF04CD58-DC13-42BE-B37B-325F5D5ADD54}"
EndProject
Project("{FAE04EC0-301F-11D3-BF4B-00C04F79EFBC}") = "Store.Service", "Store.Service\Store.Service.csproj", "{18064499-8A4C-435F-BDEA-830F7CC7FD9F}"
EndProject
Project("{FAE04EC0-301F-11D3-BF4B-00C04F79EFBC}") = "Store.Repository", "Store.Repository\Store.Repository.csproj", "{C7A85769-8B3C-417E-B8D8-23E857744D63}"
EndProject
Global
	GlobalSection(SolutionConfigurationPlatforms) = preSolution
		Debug|Any CPU = Debug|Any CPU
		Release|Any CPU = Release|Any CPU
	EndGlobalSection
	GlobalSection(ProjectConfigurationPlatforms) = postSolution
		{6134DB42-BB4C-415D-BDCB-B040B09D5B7A}.Debug|Any CPU.ActiveCfg = Debug|Any CPU
		{6134DB42-BB4C-415D-BDCB-B040B09D5B7A}.Debug|Any CPU.Build.0 = Debug|Any CPU
		{6134DB42-BB4C-415D-BDCB-B040B09D5B7A}.Release|Any CPU.ActiveCfg = Release|Any CPU
		{6134DB42-BB4C-415D-BDCB-B040B09D5B7A}.Release|Any CPU.Build.0 = Release|Any CPU
		{7944C8FE-C6E0-4D35-B8E8-122D55ABF577}.Debug|Any CPU.ActiveCfg = Debug|Any CPU
		{7944C8FE-C6E0-4D35-B8E8-122D55ABF577}.Debug|Any CPU.Build.0 = Debug|Any CPU
		{7944C8FE-C6E0-4D35-B8E8-122D55ABF577}.Release|Any CPU.ActiveCfg = Release|Any CPU
		{7944C8FE-C6E0-4D35-B8E8-122D55ABF577}.Release|Any CPU.Build.0 = Release|Any CPU
		{BF04CD58-DC13-42BE-B37B-325F5D5ADD54}.Debug|Any CPU.ActiveCfg = Debug|Any CPU
		{BF04CD58-DC13-42BE-B37B-325F5D5ADD54}.Debug|Any CPU.Build.0 = Debug|Any CPU
		{BF04CD58-DC13-42BE-B37B-325F5D5ADD54}.Release|Any CPU.ActiveCfg = Release|Any CPU
		{BF04CD58-DC13-42BE-B37B-325F5D5ADD54}.Release|Any CPU.Build.0 = Release|Any CPU
		{18064499-8A4C-435F-BDEA-830F7CC7FD9F}.Debug|Any CPU.ActiveCfg = Debug|Any CPU
		{18064499-8A4C-435F-BDEA-830F7CC7FD9F}.Debug|Any CPU.Build.0 = Debug|Any CPU
		{18064499-8A4C-435F-BDEA-830F7CC7FD9F}.Release|Any CPU.ActiveCfg = Release|Any CPU
		{18064499-8A4C-435F-BDEA-830F7CC7FD9F}.Release|Any CPU.Build.0 = Release|Any CPU
		{C7A85769-8B3C-417E-B8D8-23E857744D63}.Debug|Any CPU.ActiveCfg = Debug|Any CPU
		{C7A85769-8B3C-417E-B8D8-23E857744D63}.Debug|Any CPU.Build.0 = Debug|Any CPU
		{C7A85769-8B3C-417E-B8D8-23E857744D63}.Release|Any CPU.ActiveCfg = Release|Any CPU
		{C7A85769-8B3C-417E-B8D8-23E857744D63}.Release|Any CPU.Build.0 = Release|Any CPU
	EndGlobalSection
	GlobalSection(SolutionProperties) = preSolution
		HideSolutionNode = FALSE
	EndGlobalSection
	GlobalSection(ExtensibilityGlobals) = postSolution
		SolutionGuid = {2D8EB5C8-CEAE-4131-BDA2-0A1B19595993}
	EndGlobalSection
EndGlobal
